
Microsoft Visual Studio Solution File, Format Version 12.00
# Visual Studio Version 17
VisualStudioVersion = 17.7.34031.279
MinimumVisualStudioVersion = 10.0.40219.1
Project("{8BC9CEB8-8B4A-11D0-8D11-00A0C91BC942}") = "laba2.2m.k", "laba2.2m.k.vcxproj", "{B4D47FB7-36D5-4295-84BA-C0D38AB89E43}"
EndProject
Global
	GlobalSection(SolutionConfigurationPlatforms) = preSolution
		Debug|x64 = Debug|x64
		Debug|x86 = Debug|x86
		Release|x64 = Release|x64
		Release|x86 = Release|x86
	EndGlobalSection
	GlobalSection(ProjectConfigurationPlatforms) = postSolution
		{B4D47FB7-36D5-4295-84BA-C0D38AB89E43}.Debug|x64.ActiveCfg = Debug|x64
		{B4D47FB7-36D5-4295-84BA-C0D38AB89E43}.Debug|x64.Build.0 = Debug|x64
		{B4D47FB7-36D5-4295-84BA-C0D38AB89E43}.Debug|x86.ActiveCfg = Debug|Win32
		{B4D47FB7-36D5-4295-84BA-C0D38AB89E43}.Debug|x86.Build.0 = Debug|Win32
		{B4D47FB7-36D5-4295-84BA-C0D38AB89E43}.Release|x64.ActiveCfg = Release|x64
		{B4D47FB7-36D5-4295-84BA-C0D38AB89E43}.Release|x64.Build.0 = Release|x64
		{B4D47FB7-36D5-4295-84BA-C0D38AB89E43}.Release|x86.ActiveCfg = Release|Win32
		{B4D47FB7-36D5-4295-84BA-C0D38AB89E43}.Release|x86.Build.0 = Release|Win32
	EndGlobalSection
	GlobalSection(SolutionProperties) = preSolution
		HideSolutionNode = FALSE
	EndGlobalSection
	GlobalSection(ExtensibilityGlobals) = postSolution
		SolutionGuid = {82A5AA40-2F76-4666-A71F-F673B95781DD}
	EndGlobalSection
EndGlobal
